PODS:
  - LanguageManager-iOS (1.0.1)

DEPENDENCIES:
  - LanguageManager-iOS (from `../`)

EXTERNAL SOURCES:
  LanguageManager-iOS:
    :path: "../"

SPEC CHECKSUMS:
  LanguageManager-iOS: 4c89b8299fe1f6a8add1479f3521ac6b27bd2fa6

PODFILE CHECKSUM: 86ba9d2f6a0d99379542c06ae5133dbb83d8d41e

COCOAPODS: 1.5.3
