PODS:
  - LanguageManager-iOS (1.0.0)

DEPENDENCIES:
  - LanguageManager-iOS (from `../`)

EXTERNAL SOURCES:
  LanguageManager-iOS:
    :path: "../"

SPEC CHECKSUMS:
  LanguageManager-iOS: 224ede592e6e2e38cffa8dad452c54ed0b835513

PODFILE CHECKSUM: 86ba9d2f6a0d99379542c06ae5133dbb83d8d41e

COCOAPODS: 1.5.3
