PODS:
  - LanguageManager-iOS (1.2.1)

DEPENDENCIES:
  - LanguageManager-iOS (from `../`)

EXTERNAL SOURCES:
  LanguageManager-iOS:
    :path: "../"

SPEC CHECKSUMS:
  LanguageManager-iOS: cca33f9b844cf8a07fee603da368a55e65d89c32

PODFILE CHECKSUM: 605a4f6b05db89712df44918c648c3b142ccda36

COCOAPODS: 1.9.3
